
Microsoft Visual Studio Solution File, Format Version 12.00
Project("{FAE04EC0-301F-11D3-BF4B-00C04F79EFBC}") = "Quickstarter.Kafka.Consumer.Core", "Quickstarter.Kafka.Consumer.Core\Quickstarter.Kafka.Consumer.Core.csproj", "{B4310F39-02C1-4238-86C0-0B98B06B7ACD}"
EndProject
Global
	GlobalSection(SolutionConfigurationPlatforms) = preSolution
		Debug|Any CPU = Debug|Any CPU
		Release|Any CPU = Release|Any CPU
	EndGlobalSection
	GlobalSection(ProjectConfigurationPlatforms) = postSolution
		{B4310F39-02C1-4238-86C0-0B98B06B7ACD}.Debug|Any CPU.ActiveCfg = Debug|Any CPU
		{B4310F39-02C1-4238-86C0-0B98B06B7ACD}.Debug|Any CPU.Build.0 = Debug|Any CPU
		{B4310F39-02C1-4238-86C0-0B98B06B7ACD}.Release|Any CPU.ActiveCfg = Release|Any CPU
		{B4310F39-02C1-4238-86C0-0B98B06B7ACD}.Release|Any CPU.Build.0 = Release|Any CPU
	EndGlobalSection
EndGlobal
